
Microsoft Visual Studio Solution File, Format Version 12.00
# Visual Studio Version 16
VisualStudioVersion = 16.0.28803.452
MinimumVisualStudioVersion = 10.0.40219.1
Project("{FAE04EC0-301F-11D3-BF4B-00C04F79EFBC}") = "getInstalledApplications", "getInstalledApplications.csproj", "{CAF5C9C9-E009-4026-978E-E2CEEDDF17DF}"
EndProject
Global
	GlobalSection(SolutionConfigurationPlatforms) = preSolution
		Debug|Any CPU = Debug|Any CPU
		Release|Any CPU = Release|Any CPU
	EndGlobalSection
	GlobalSection(ProjectConfigurationPlatforms) = postSolution
		{CAF5C9C9-E009-4026-978E-E2CEEDDF17DF}.Debug|Any CPU.ActiveCfg = Debug|Any CPU
		{CAF5C9C9-E009-4026-978E-E2CEEDDF17DF}.Debug|Any CPU.Build.0 = Debug|Any CPU
		{CAF5C9C9-E009-4026-978E-E2CEEDDF17DF}.Release|Any CPU.ActiveCfg = Release|Any CPU
		{CAF5C9C9-E009-4026-978E-E2CEEDDF17DF}.Release|Any CPU.Build.0 = Release|Any CPU
	EndGlobalSection
	GlobalSection(SolutionProperties) = preSolution
		HideSolutionNode = FALSE
	EndGlobalSection
	GlobalSection(ExtensibilityGlobals) = postSolution
		SolutionGuid = {9BE37F6C-98D6-439A-9321-24DD022E7B95}
	EndGlobalSection
EndGlobal
